
Microsoft Visual Studio Solution File, Format Version 12.00
# Visual Studio Version 17
VisualStudioVersion = 17.14.36518.9
MinimumVisualStudioVersion = 10.0.40219.1
Project("{FAE04EC0-301F-11D3-BF4B-00C04F79EFBC}") = "HomeGoodsStore.Client", "HomeGoodsStore.Client\HomeGoodsStore.Client.csproj", "{15D581C1-DE62-48A1-9D86-68A454C4DD40}"
EndProject
Project("{FAE04EC0-301F-11D3-BF4B-00C04F79EFBC}") = "HomeGoodsStore.Server", "..\HomeGoodsStore.Server\HomeGoodsStore.Server.csproj", "{0D47A1B3-60EF-4142-A7D0-E33B7D19536A}"
EndProject
Project("{FAE04EC0-301F-11D3-BF4B-00C04F79EFBC}") = "HomeGoodsStore.Shared", "..\HomeGoodsStore.Shared\HomeGoodsStore.Shared.csproj", "{3EFB832C-9FAC-444A-A034-B7D04E69E804}"
EndProject
Global
	GlobalSection(SolutionConfigurationPlatforms) = preSolution
		Debug|Any CPU = Debug|Any CPU
		Release|Any CPU = Release|Any CPU
	EndGlobalSection
	GlobalSection(ProjectConfigurationPlatforms) = postSolution
		{15D581C1-DE62-48A1-9D86-68A454C4DD40}.Debug|Any CPU.ActiveCfg = Debug|Any CPU
		{15D581C1-DE62-48A1-9D86-68A454C4DD40}.Debug|Any CPU.Build.0 = Debug|Any CPU
		{15D581C1-DE62-48A1-9D86-68A454C4DD40}.Release|Any CPU.ActiveCfg = Release|Any CPU
		{15D581C1-DE62-48A1-9D86-68A454C4DD40}.Release|Any CPU.Build.0 = Release|Any CPU
		{0D47A1B3-60EF-4142-A7D0-E33B7D19536A}.Debug|Any CPU.ActiveCfg = Debug|Any CPU
		{0D47A1B3-60EF-4142-A7D0-E33B7D19536A}.Debug|Any CPU.Build.0 = Debug|Any CPU
		{0D47A1B3-60EF-4142-A7D0-E33B7D19536A}.Release|Any CPU.ActiveCfg = Release|Any CPU
		{0D47A1B3-60EF-4142-A7D0-E33B7D19536A}.Release|Any CPU.Build.0 = Release|Any CPU
		{3EFB832C-9FAC-444A-A034-B7D04E69E804}.Debug|Any CPU.ActiveCfg = Debug|Any CPU
		{3EFB832C-9FAC-444A-A034-B7D04E69E804}.Debug|Any CPU.Build.0 = Debug|Any CPU
		{3EFB832C-9FAC-444A-A034-B7D04E69E804}.Release|Any CPU.ActiveCfg = Release|Any CPU
		{3EFB832C-9FAC-444A-A034-B7D04E69E804}.Release|Any CPU.Build.0 = Release|Any CPU
	EndGlobalSection
	GlobalSection(SolutionProperties) = preSolution
		HideSolutionNode = FALSE
	EndGlobalSection
	GlobalSection(ExtensibilityGlobals) = postSolution
		SolutionGuid = {CDD7D5AC-1B84-4804-8A66-E4D31B29D5E6}
	EndGlobalSection
EndGlobal
